// !$*UTF8*$!
{
	archiveVersion = 1;
	classes = {
	};
	objectVersion = 55;
	objects = {

/* Begin PBXBuildFile section */
		1C3C7DD727FB1E3100C1943E /* HomeView.swift in Sources */ = {isa = PBXBuildFile; fileRef = 1C3C7DD627FB1E3100C1943E /* HomeView.swift */; };
		1CFE711627FB1881002BD4BF /* DulingoApp.swift in Sources */ = {isa = PBXBuildFile; fileRef = 1CFE710627FB187E002BD4BF /* DulingoApp.swift */; };
		1CFE711727FB1881002BD4BF /* DulingoApp.swift in Sources */ = {isa = PBXBuildFile; fileRef = 1CFE710627FB187E002BD4BF /* DulingoApp.swift */; };
		1CFE711827FB1881002BD4BF /* ContentView.swift in Sources */ = {isa = PBXBuildFile; fileRef = 1CFE710727FB187E002BD4BF /* ContentView.swift */; };
		1CFE711927FB1881002BD4BF /* ContentView.swift in Sources */ = {isa = PBXBuildFile; fileRef = 1CFE710727FB187E002BD4BF /* ContentView.swift */; };
		1CFE711A27FB1881002BD4BF /* Assets.xcassets in Resources */ = {isa = PBXBuildFile; fileRef = 1CFE710827FB1881002BD4BF /* Assets.xcassets */; };
		1CFE711B27FB1881002BD4BF /* Assets.xcassets in Resources */ = {isa = PBXBuildFile; fileRef = 1CFE710827FB1881002BD4BF /* Assets.xcassets */; };
		1CFE712727FB1A9F002BD4BF /* Charactor.swift in Sources */ = {isa = PBXBuildFile; fileRef = 1CFE712627FB1A9F002BD4BF /* Charactor.swift */; };
		1CFE712827FB1A9F002BD4BF /* Charactor.swift in Sources */ = {isa = PBXBuildFile; fileRef = 1CFE712627FB1A9F002BD4BF /* Charactor.swift */; };
/* End PBXBuildFile section */

/* Begin PBXFileReference section */
		1C3C7DD627FB1E3100C1943E /* HomeView.swift */ = {isa = PBXFileReference; lastKnownFileType = sourcecode.swift; path = HomeView.swift; sourceTree = "<group>"; };
		1CFE710627FB187E002BD4BF /* DulingoApp.swift */ = {isa = PBXFileReference; lastKnownFileType = sourcecode.swift; path = DulingoApp.swift; sourceTree = "<group>"; };
		1CFE710727FB187E002BD4BF /* ContentView.swift */ = {isa = PBXFileReference; lastKnownFileType = sourcecode.swift; path = ContentView.swift; sourceTree = "<group>"; };
		1CFE710827FB1881002BD4BF /* Assets.xcassets */ = {isa = PBXFileReference; lastKnownFileType = folder.assetcatalog; path = Assets.xcassets; sourceTree = "<group>"; };
		1CFE710D27FB1881002BD4BF /* Dulingo.app */ = {isa = PBXFileReference; explicitFileType = wrapper.application; includeInIndex = 0; path = Dulingo.app; sourceTree = BUILT_PRODUCTS_DIR; };
		1CFE711327FB1881002BD4BF /* Dulingo.app */ = {isa = PBXFileReference; explicitFileType = wrapper.application; includeInIndex = 0; path = Dulingo.app; sourceTree = BUILT_PRODUCTS_DIR; };
		1CFE711527FB1881002BD4BF /* macOS.entitlements */ = {isa = PBXFileReference; lastKnownFileType = text.plist.entitlements; path = macOS.entitlements; sourceTree = "<group>"; };
		1CFE712627FB1A9F002BD4BF /* Charactor.swift */ = {isa = PBXFileReference; lastKnownFileType = sourcecode.swift; path = Charactor.swift; sourceTree = "<group>"; };
/* End PBXFileReference section */

/* Begin PBXFrameworksBuildPhase section */
		1CFE710A27FB1881002BD4BF /* Frameworks */ = {
			isa = PBXFrameworksBuildPhase;
			buildActionMask = 2147483647;
			files = (
			);
			runOnlyForDeploymentPostprocessing = 0;
		};
		1CFE711027FB1881002BD4BF /* Frameworks */ = {
			isa = PBXFrameworksBuildPhase;
			buildActionMask = 2147483647;
			files = (
			);
			runOnlyForDeploymentPostprocessing = 0;
		};
/* End PBXFrameworksBuildPhase section */

/* Begin PBXGroup section */
		1CFE710027FB187E002BD4BF = {
			isa = PBXGroup;
			children = (
				1CFE710527FB187E002BD4BF /* Shared */,
				1CFE711427FB1881002BD4BF /* macOS */,
				1CFE710E27FB1881002BD4BF /* Products */,
			);
			sourceTree = "<group>";
		};
		1CFE710527FB187E002BD4BF /* Shared */ = {
			isa = PBXGroup;
			children = (
				1CFE712527FB1A86002BD4BF /* Model */,
				1CFE712427FB1A81002BD4BF /* View */,
				1CFE710627FB187E002BD4BF /* DulingoApp.swift */,
				1CFE710727FB187E002BD4BF /* ContentView.swift */,
				1CFE710827FB1881002BD4BF /* Assets.xcassets */,
			);
			path = Shared;
			sourceTree = "<group>";
		};
		1CFE710E27FB1881002BD4BF /* Products */ = {
			isa = PBXGroup;
			children = (
				1CFE710D27FB1881002BD4BF /* Dulingo.app */,
				1CFE711327FB1881002BD4BF /* Dulingo.app */,
			);
			name = Products;
			sourceTree = "<group>";
		};
		1CFE711427FB1881002BD4BF /* macOS */ = {
			isa = PBXGroup;
			children = (
				1CFE711527FB1881002BD4BF /* macOS.entitlements */,
			);
			path = macOS;
			sourceTree = "<group>";
		};
		1CFE712427FB1A81002BD4BF /* View */ = {
			isa = PBXGroup;
			children = (
				1C3C7DD627FB1E3100C1943E /* HomeView.swift */,
			);
			path = View;
			sourceTree = "<group>";
		};
		1CFE712527FB1A86002BD4BF /* Model */ = {
			isa = PBXGroup;
			children = (
				1CFE712627FB1A9F002BD4BF /* Charactor.swift */,
			);
			path = Model;
			sourceTree = "<group>";
		};
/* End PBXGroup section */

/* Begin PBXNativeTarget section */
		1CFE710C27FB1881002BD4BF /* Dulingo (iOS) */ = {
			isa = PBXNativeTarget;
			buildConfigurationList = 1CFE711E27FB1881002BD4BF /* Build configuration list for PBXNativeTarget "Dulingo (iOS)" */;
			buildPhases = (
				1CFE710927FB1881002BD4BF /* Sources */,
				1CFE710A27FB1881002BD4BF /* Frameworks */,
				1CFE710B27FB1881002BD4BF /* Resources */,
			);
			buildRules = (
			);
			dependencies = (
			);
			name = "Dulingo (iOS)";
			productName = "Dulingo (iOS)";
			productReference = 1CFE710D27FB1881002BD4BF /* Dulingo.app */;
			productType = "com.apple.product-type.application";
		};
		1CFE711227FB1881002BD4BF /* Dulingo (macOS) */ = {
			isa = PBXNativeTarget;
			buildConfigurationList = 1CFE712127FB1881002BD4BF /* Build configuration list for PBXNativeTarget "Dulingo (macOS)" */;
			buildPhases = (
				1CFE710F27FB1881002BD4BF /* Sources */,
				1CFE711027FB1881002BD4BF /* Frameworks */,
				1CFE711127FB1881002BD4BF /* Resources */,
			);
			buildRules = (
			);
			dependencies = (
			);
			name = "Dulingo (macOS)";
			productName = "Dulingo (macOS)";
			productReference = 1CFE711327FB1881002BD4BF /* Dulingo.app */;
			productType = "com.apple.product-type.application";
		};
/* End PBXNativeTarget section */

/* Begin PBXProject section */
		1CFE710127FB187E002BD4BF /* Project object */ = {
			isa = PBXProject;
			attributes = {
				BuildIndependentTargetsInParallel = 1;
				LastSwiftUpdateCheck = 1330;
				LastUpgradeCheck = 1330;
				TargetAttributes = {
					1CFE710C27FB1881002BD4BF = {
						CreatedOnToolsVersion = 13.3;
					};
					1CFE711227FB1881002BD4BF = {
						CreatedOnToolsVersion = 13.3;
					};
				};
			};
			buildConfigurationList = 1CFE710427FB187E002BD4BF /* Build configuration list for PBXProject "Dulingo" */;
			compatibilityVersion = "Xcode 13.0";
			developmentRegion = en;
			hasScannedForEncodings = 0;
			knownRegions = (
				en,
				Base,
			);
			mainGroup = 1CFE710027FB187E002BD4BF;
			productRefGroup = 1CFE710E27FB1881002BD4BF /* Products */;
			projectDirPath = "";
			projectRoot = "";
			targets = (
				1CFE710C27FB1881002BD4BF /* Dulingo (iOS) */,
				1CFE711227FB1881002BD4BF /* Dulingo (macOS) */,
			);
		};
/* End PBXProject section */

/* Begin PBXResourcesBuildPhase section */
		1CFE710B27FB1881002BD4BF /* Resources */ = {
			isa = PBXResourcesBuildPhase;
			buildActionMask = 2147483647;
			files = (
				1CFE711A27FB1881002BD4BF /* Assets.xcassets in Resources */,
			);
			runOnlyForDeploymentPostprocessing = 0;
		};
		1CFE711127FB1881002BD4BF /* Resources */ = {
			isa = PBXResourcesBuildPhase;
			buildActionMask = 2147483647;
			files = (
				1CFE711B27FB1881002BD4BF /* Assets.xcassets in Resources */,
			);
			runOnlyForDeploymentPostprocessing = 0;
		};
/* End PBXResourcesBuildPhase section */

/* Begin PBXSourcesBuildPhase section */
		1CFE710927FB1881002BD4BF /* Sources */ = {
			isa = PBXSourcesBuildPhase;
			buildActionMask = 2147483647;
			files = (
				1CFE711827FB1881002BD4BF /* ContentView.swift in Sources */,
				1C3C7DD727FB1E3100C1943E /* HomeView.swift in Sources */,
				1CFE712727FB1A9F002BD4BF /* Charactor.swift in Sources */,
				1CFE711627FB1881002BD4BF /* DulingoApp.swift in Sources */,
			);
			runOnlyForDeploymentPostprocessing = 0;
		};
		1CFE710F27FB1881002BD4BF /* Sources */ = {
			isa = PBXSourcesBuildPhase;
			buildActionMask = 2147483647;
			files = (
				1CFE711927FB1881002BD4BF /* ContentView.swift in Sources */,
				1CFE712827FB1A9F002BD4BF /* Charactor.swift in Sources */,
				1CFE711727FB1881002BD4BF /* DulingoApp.swift in Sources */,
			);
			runOnlyForDeploymentPostprocessing = 0;
		};
/* End PBXSourcesBuildPhase section */

/* Begin XCBuildConfiguration section */
		1CFE711C27FB1881002BD4BF /* Debug */ = {
			isa = XCBuildConfiguration;
			buildSettings = {
				ALWAYS_SEARCH_USER_PATHS = NO;
				CLANG_ANALYZER_NONNULL = YES;
				CLANG_ANALYZER_NUMBER_OBJECT_CONVERSION = YES_AGGRESSIVE;
				CLANG_CXX_LANGUAGE_STANDARD = "gnu++17";
				CLANG_ENABLE_MODULES = YES;
				CLANG_ENABLE_OBJC_ARC = YES;
				CLANG_ENABLE_OBJC_WEAK = YES;
				CLANG_WARN_BLOCK_CAPTURE_AUTORELEASING = YES;
				CLANG_WARN_BOOL_CONVERSION = YES;
				CLANG_WARN_COMMA = YES;
				CLANG_WARN_CONSTANT_CONVERSION = YES;
				CLANG_WARN_DEPRECATED_OBJC_IMPLEMENTATIONS = YES;
				CLANG_WARN_DIRECT_OBJC_ISA_USAGE = YES_ERROR;
				CLANG_WARN_DOCUMENTATION_COMMENTS = YES;
				CLANG_WARN_EMPTY_BODY = YES;
				CLANG_WARN_ENUM_CONVERSION = YES;
				CLANG_WARN_INFINITE_RECURSION = YES;
				CLANG_WARN_INT_CONVERSION = YES;
				CLANG_WARN_NON_LITERAL_NULL_CONVERSION = YES;
				CLANG_WARN_OBJC_IMPLICIT_RETAIN_SELF = YES;
				CLANG_WARN_OBJC_LITERAL_CONVERSION = YES;
				CLANG_WARN_OBJC_ROOT_CLASS = YES_ERROR;
				CLANG_WARN_QUOTED_INCLUDE_IN_FRAMEWORK_HEADER = YES;
				CLANG_WARN_RANGE_LOOP_ANALYSIS = YES;
				CLANG_WARN_STRICT_PROTOTYPES = YES;
				CLANG_WARN_SUSPICIOUS_MOVE = YES;
				CLANG_WARN_UNGUARDED_AVAILABILITY = YES_AGGRESSIVE;
				CLANG_WARN_UNREACHABLE_CODE = YES;
				CLANG_WARN__DUPLICATE_METHOD_MATCH = YES;
				COPY_PHASE_STRIP = NO;
				DEBUG_INFORMATION_FORMAT = dwarf;
				ENABLE_STRICT_OBJC_MSGSEND = YES;
				ENABLE_TESTABILITY = YES;
				GCC_C_LANGUAGE_STANDARD = gnu11;
				GCC_DYNAMIC_NO_PIC = NO;
				GCC_NO_COMMON_BLOCKS = YES;
				GCC_OPTIMIZATION_LEVEL = 0;
				GCC_PREPROCESSOR_DEFINITIONS = (
					"DEBUG=1",
					"$(inherited)",
				);
				GCC_WARN_64_TO_32_BIT_CONVERSION = YES;
				GCC_WARN_ABOUT_RETURN_TYPE = YES_ERROR;
				GCC_WARN_UNDECLARED_SELECTOR = YES;
				GCC_WARN_UNINITIALIZED_AUTOS = YES_AGGRESSIVE;
				GCC_WARN_UNUSED_FUNCTION = YES;
				GCC_WARN_UNUSED_VARIABLE = YES;
				MTL_ENABLE_DEBUG_INFO = INCLUDE_SOURCE;
				MTL_FAST_MATH = YES;
				ONLY_ACTIVE_ARCH = YES;
				SWIFT_ACTIVE_COMPILATION_CONDITIONS = DEBUG;
				SWIFT_OPTIMIZATION_LEVEL = "-Onone";
			};
			name = Debug;
		};
		1CFE711D27FB1881002BD4BF /* Release */ = {
			isa = XCBuildConfiguration;
			buildSettings = {
				ALWAYS_SEARCH_USER_PATHS = NO;
				CLANG_ANALYZER_NONNULL = YES;
				CLANG_ANALYZER_NUMBER_OBJECT_CONVERSION = YES_AGGRESSIVE;
				CLANG_CXX_LANGUAGE_STANDARD = "gnu++17";
				CLANG_ENABLE_MODULES = YES;
				CLANG_ENABLE_OBJC_ARC = YES;
				CLANG_ENABLE_OBJC_WEAK = YES;
				CLANG_WARN_BLOCK_CAPTURE_AUTORELEASING = YES;
				CLANG_WARN_BOOL_CONVERSION = YES;
				CLANG_WARN_COMMA = YES;
				CLANG_WARN_CONSTANT_CONVERSION = YES;
				CLANG_WARN_DEPRECATED_OBJC_IMPLEMENTATIONS = YES;
				CLANG_WARN_DIRECT_OBJC_ISA_USAGE = YES_ERROR;
				CLANG_WARN_DOCUMENTATION_COMMENTS = YES;
				CLANG_WARN_EMPTY_BODY = YES;
				CLANG_WARN_ENUM_CONVERSION = YES;
				CLANG_WARN_INFINITE_RECURSION = YES;
				CLANG_WARN_INT_CONVERSION = YES;
				CLANG_WARN_NON_LITERAL_NULL_CONVERSION = YES;
				CLANG_WARN_OBJC_IMPLICIT_RETAIN_SELF = YES;
				CLANG_WARN_OBJC_LITERAL_CONVERSION = YES;
				CLANG_WARN_OBJC_ROOT_CLASS = YES_ERROR;
				CLANG_WARN_QUOTED_INCLUDE_IN_FRAMEWORK_HEADER = YES;
				CLANG_WARN_RANGE_LOOP_ANALYSIS = YES;
				CLANG_WARN_STRICT_PROTOTYPES = YES;
				CLANG_WARN_SUSPICIOUS_MOVE = YES;
				CLANG_WARN_UNGUARDED_AVAILABILITY = YES_AGGRESSIVE;
				CLANG_WARN_UNREACHABLE_CODE = YES;
				CLANG_WARN__DUPLICATE_METHOD_MATCH = YES;
				COPY_PHASE_STRIP = NO;
				DEBUG_INFORMATION_FORMAT = "dwarf-with-dsym";
				ENABLE_NS_ASSERTIONS = NO;
				ENABLE_STRICT_OBJC_MSGSEND = YES;
				GCC_C_LANGUAGE_STANDARD = gnu11;
				GCC_NO_COMMON_BLOCKS = YES;
				GCC_WARN_64_TO_32_BIT_CONVERSION = YES;
				GCC_WARN_ABOUT_RETURN_TYPE = YES_ERROR;
				GCC_WARN_UNDECLARED_SELECTOR = YES;
				GCC_WARN_UNINITIALIZED_AUTOS = YES_AGGRESSIVE;
				GCC_WARN_UNUSED_FUNCTION = YES;
				GCC_WARN_UNUSED_VARIABLE = YES;
				MTL_ENABLE_DEBUG_INFO = NO;
				MTL_FAST_MATH = YES;
				SWIFT_COMPILATION_MODE = wholemodule;
				SWIFT_OPTIMIZATION_LEVEL = "-O";
			};
			name = Release;
		};
		1CFE711F27FB1881002BD4BF /* Debug */ = {
			isa = XCBuildConfiguration;
			buildSettings = {
				ASSETCATALOG_COMPILER_APPICON_NAME = AppIcon;
				ASSETCATALOG_COMPILER_GLOBAL_ACCENT_COLOR_NAME = AccentColor;
				CODE_SIGN_STYLE = Automatic;
				CURRENT_PROJECT_VERSION = 1;
				DEVELOPMENT_TEAM = J3NKJ48LMS;
				ENABLE_PREVIEWS = YES;
				GENERATE_INFOPLIST_FILE = YES;
				INFOPLIST_KEY_UIApplicationSceneManifest_Generation = YES;
				INFOPLIST_KEY_UIApplicationSupportsIndirectInputEvents = YES;
				INFOPLIST_KEY_UILaunchScreen_Generation = YES;
				INFOPLIST_KEY_UISupportedInterfaceOrientations_iPad = "UIInterfaceOrientationPortrait UIInterfaceOrientationPortraitUpsideDown UIInterfaceOrientationLandscapeLeft UIInterfaceOrientationLandscapeRight";
				INFOPLIST_KEY_UISupportedInterfaceOrientations_iPhone = "UIInterfaceOrientationPortrait UIInterfaceOrientationLandscapeLeft UIInterfaceOrientationLandscapeRight";
				IPHONEOS_DEPLOYMENT_TARGET = 15.4;
				LD_RUNPATH_SEARCH_PATHS = (
					"$(inherited)",
					"@executable_path/Frameworks",
				);
				MARKETING_VERSION = 1.0;
				PRODUCT_BUNDLE_IDENTIFIER = nguyenshort.Dulingo;
				PRODUCT_NAME = Dulingo;
				SDKROOT = iphoneos;
				SWIFT_EMIT_LOC_STRINGS = YES;
				SWIFT_VERSION = 5.0;
				TARGETED_DEVICE_FAMILY = "1,2";
			};
			name = Debug;
		};
		1CFE712027FB1881002BD4BF /* Release */ = {
			isa = XCBuildConfiguration;
			buildSettings = {
				ASSETCATALOG_COMPILER_APPICON_NAME = AppIcon;
				ASSETCATALOG_COMPILER_GLOBAL_ACCENT_COLOR_NAME = AccentColor;
				CODE_SIGN_STYLE = Automatic;
				CURRENT_PROJECT_VERSION = 1;
				DEVELOPMENT_TEAM = J3NKJ48LMS;
				ENABLE_PREVIEWS = YES;
				GENERATE_INFOPLIST_FILE = YES;
				INFOPLIST_KEY_UIApplicationSceneManifest_Generation = YES;
				INFOPLIST_KEY_UIApplicationSupportsIndirectInputEvents = YES;
				INFOPLIST_KEY_UILaunchScreen_Generation = YES;
				INFOPLIST_KEY_UISupportedInterfaceOrientations_iPad = "UIInterfaceOrientationPortrait UIInterfaceOrientationPortraitUpsideDown UIInterfaceOrientationLandscapeLeft UIInterfaceOrientationLandscapeRight";
				INFOPLIST_KEY_UISupportedInterfaceOrientations_iPhone = "UIInterfaceOrientationPortrait UIInterfaceOrientationLandscapeLeft UIInterfaceOrientationLandscapeRight";
				IPHONEOS_DEPLOYMENT_TARGET = 15.4;
				LD_RUNPATH_SEARCH_PATHS = (
					"$(inherited)",
					"@executable_path/Frameworks",
				);
				MARKETING_VERSION = 1.0;
				PRODUCT_BUNDLE_IDENTIFIER = nguyenshort.Dulingo;
				PRODUCT_NAME = Dulingo;
				SDKROOT = iphoneos;
				SWIFT_EMIT_LOC_STRINGS = YES;
				SWIFT_VERSION = 5.0;
				TARGETED_DEVICE_FAMILY = "1,2";
				VALIDATE_PRODUCT = YES;
			};
			name = Release;
		};
		1CFE712227FB1881002BD4BF /* Debug */ = {
			isa = XCBuildConfiguration;
			buildSettings = {
				ASSETCATALOG_COMPILER_APPICON_NAME = AppIcon;
				ASSETCATALOG_COMPILER_GLOBAL_ACCENT_COLOR_NAME = AccentColor;
				CODE_SIGN_ENTITLEMENTS = macOS/macOS.entitlements;
				CODE_SIGN_STYLE = Automatic;
				COMBINE_HIDPI_IMAGES = YES;
				CURRENT_PROJECT_VERSION = 1;
				DEVELOPMENT_TEAM = J3NKJ48LMS;
				ENABLE_HARDENED_RUNTIME = YES;
				ENABLE_PREVIEWS = YES;
				GENERATE_INFOPLIST_FILE = YES;
				INFOPLIST_KEY_NSHumanReadableCopyright = "";
				LD_RUNPATH_SEARCH_PATHS = (
					"$(inherited)",
					"@executable_path/../Frameworks",
				);
				MACOSX_DEPLOYMENT_TARGET = 12.1;
				MARKETING_VERSION = 1.0;
				PRODUCT_BUNDLE_IDENTIFIER = nguyenshort.Dulingo;
				PRODUCT_NAME = Dulingo;
				SDKROOT = macosx;
				SWIFT_EMIT_LOC_STRINGS = YES;
				SWIFT_VERSION = 5.0;
			};
			name = Debug;
		};
		1CFE712327FB1881002BD4BF /* Release */ = {
			isa = XCBuildConfiguration;
			buildSettings = {
				ASSETCATALOG_COMPILER_APPICON_NAME = AppIcon;
				ASSETCATALOG_COMPILER_GLOBAL_ACCENT_COLOR_NAME = AccentColor;
				CODE_SIGN_ENTITLEMENTS = macOS/macOS.entitlements;
				CODE_SIGN_STYLE = Automatic;
				COMBINE_HIDPI_IMAGES = YES;
				CURRENT_PROJECT_VERSION = 1;
				DEVELOPMENT_TEAM = J3NKJ48LMS;
				ENABLE_HARDENED_RUNTIME = YES;
				ENABLE_PREVIEWS = YES;
				GENERATE_INFOPLIST_FILE = YES;
				INFOPLIST_KEY_NSHumanReadableCopyright = "";
				LD_RUNPATH_SEARCH_PATHS = (
					"$(inherited)",
					"@executable_path/../Frameworks",
				);
				MACOSX_DEPLOYMENT_TARGET = 12.1;
				MARKETING_VERSION = 1.0;
				PRODUCT_BUNDLE_IDENTIFIER = nguyenshort.Dulingo;
				PRODUCT_NAME = Dulingo;
				SDKROOT = macosx;
				SWIFT_EMIT_LOC_STRINGS = YES;
				SWIFT_VERSION = 5.0;
			};
			name = Release;
		};
/* End XCBuildConfiguration section */

/* Begin XCConfigurationList section */
		1CFE710427FB187E002BD4BF /* Build configuration list for PBXProject "Dulingo" */ = {
			isa = XCConfigurationList;
			buildConfigurations = (
				1CFE711C27FB1881002BD4BF /* Debug */,
				1CFE711D27FB1881002BD4BF /* Release */,
			);
			defaultConfigurationIsVisible = 0;
			defaultConfigurationName = Release;
		};
		1CFE711E27FB1881002BD4BF /* Build configuration list for PBXNativeTarget "Dulingo (iOS)" */ = {
			isa = XCConfigurationList;
			buildConfigurations = (
				1CFE711F27FB1881002BD4BF /* Debug */,
				1CFE712027FB1881002BD4BF /* Release */,
			);
			defaultConfigurationIsVisible = 0;
			defaultConfigurationName = Release;
		};
		1CFE712127FB1881002BD4BF /* Build configuration list for PBXNativeTarget "Dulingo (macOS)" */ = {
			isa = XCConfigurationList;
			buildConfigurations = (
				1CFE712227FB1881002BD4BF /* Debug */,
				1CFE712327FB1881002BD4BF /* Release */,
			);
			defaultConfigurationIsVisible = 0;
			defaultConfigurationName = Release;
		};
/* End XCConfigurationList section */
	};
	rootObject = 1CFE710127FB187E002BD4BF /* Project object */;
}
